
Microsoft Visual Studio Solution File, Format Version 12.00
# Visual Studio Version 16
VisualStudioVersion = 16.0.30523.141
MinimumVisualStudioVersion = 10.0.40219.1
Project("{9A19103F-16F7-4668-BE54-9A1E7A4F7556}") = "Lab2_2", "Lab2_2\Lab2_2.csproj", "{B56EF06C-A0ED-4752-BA51-6DFFC88DB21B}"
EndProject
Project("{FAE04EC0-301F-11D3-BF4B-00C04F79EFBC}") = "Lab2_2Tests", "Lab2_2Tests\Lab2_2Tests.csproj", "{ABA32F0C-4FE0-4034-8483-4C2EC8147368}"
EndProject
Global
	GlobalSection(SolutionConfigurationPlatforms) = preSolution
		Debug|Any CPU = Debug|Any CPU
		Release|Any CPU = Release|Any CPU
	EndGlobalSection
	GlobalSection(ProjectConfigurationPlatforms) = postSolution
		{B56EF06C-A0ED-4752-BA51-6DFFC88DB21B}.Debug|Any CPU.ActiveCfg = Debug|Any CPU
		{B56EF06C-A0ED-4752-BA51-6DFFC88DB21B}.Debug|Any CPU.Build.0 = Debug|Any CPU
		{B56EF06C-A0ED-4752-BA51-6DFFC88DB21B}.Release|Any CPU.ActiveCfg = Release|Any CPU
		{B56EF06C-A0ED-4752-BA51-6DFFC88DB21B}.Release|Any CPU.Build.0 = Release|Any CPU
		{ABA32F0C-4FE0-4034-8483-4C2EC8147368}.Debug|Any CPU.ActiveCfg = Debug|Any CPU
		{ABA32F0C-4FE0-4034-8483-4C2EC8147368}.Debug|Any CPU.Build.0 = Debug|Any CPU
		{ABA32F0C-4FE0-4034-8483-4C2EC8147368}.Release|Any CPU.ActiveCfg = Release|Any CPU
		{ABA32F0C-4FE0-4034-8483-4C2EC8147368}.Release|Any CPU.Build.0 = Release|Any CPU
	EndGlobalSection
	GlobalSection(SolutionProperties) = preSolution
		HideSolutionNode = FALSE
	EndGlobalSection
	GlobalSection(ExtensibilityGlobals) = postSolution
		SolutionGuid = {6DA46009-46FE-4034-90EA-2D1A7E40BA9C}
	EndGlobalSection
EndGlobal
